
Microsoft Visual Studio Solution File, Format Version 12.00
# Visual Studio 2012
Project("{FAE04EC0-301F-11D3-BF4B-00C04F79EFBC}") = "SortingAlgorithmsCSharp", "SortingAlgorithmsCSharp\SortingAlgorithmsCSharp.csproj", "{AAEA3761-0A4D-49F3-A476-4A7D62C40793}"
EndProject
Global
	GlobalSection(SolutionConfigurationPlatforms) = preSolution
		Debug|Any CPU = Debug|Any CPU
		Release|Any CPU = Release|Any CPU
	EndGlobalSection
	GlobalSection(ProjectConfigurationPlatforms) = postSolution
		{AAEA3761-0A4D-49F3-A476-4A7D62C40793}.Debug|Any CPU.ActiveCfg = Debug|Any CPU
		{AAEA3761-0A4D-49F3-A476-4A7D62C40793}.Debug|Any CPU.Build.0 = Debug|Any CPU
		{AAEA3761-0A4D-49F3-A476-4A7D62C40793}.Release|Any CPU.ActiveCfg = Release|Any CPU
		{AAEA3761-0A4D-49F3-A476-4A7D62C40793}.Release|Any CPU.Build.0 = Release|Any CPU
	EndGlobalSection
	GlobalSection(SolutionProperties) = preSolution
		HideSolutionNode = FALSE
	EndGlobalSection
EndGlobal
